
Microsoft Visual Studio Solution File, Format Version 12.00
# Visual Studio Version 16
VisualStudioVersion = 16.0.31624.102
MinimumVisualStudioVersion = 10.0.40219.1
Project("{FAE04EC0-301F-11D3-BF4B-00C04F79EFBC}") = "DropBoxApi", "DropBoxApi\DropBoxApi.csproj", "{6AB20457-417E-4DFD-B71C-4B7F168C378E}"
EndProject
Global
	GlobalSection(SolutionConfigurationPlatforms) = preSolution
		Debug|Any CPU = Debug|Any CPU
		Release|Any CPU = Release|Any CPU
	EndGlobalSection
	GlobalSection(ProjectConfigurationPlatforms) = postSolution
		{6AB20457-417E-4DFD-B71C-4B7F168C378E}.Debug|Any CPU.ActiveCfg = Debug|Any CPU
		{6AB20457-417E-4DFD-B71C-4B7F168C378E}.Debug|Any CPU.Build.0 = Debug|Any CPU
		{6AB20457-417E-4DFD-B71C-4B7F168C378E}.Release|Any CPU.ActiveCfg = Release|Any CPU
		{6AB20457-417E-4DFD-B71C-4B7F168C378E}.Release|Any CPU.Build.0 = Release|Any CPU
	EndGlobalSection
	GlobalSection(SolutionProperties) = preSolution
		HideSolutionNode = FALSE
	EndGlobalSection
	GlobalSection(ExtensibilityGlobals) = postSolution
		SolutionGuid = {0D47E8E9-D573-45D5-921C-F9427DE8DD18}
	EndGlobalSection
EndGlobal
